
Microsoft Visual Studio Solution File, Format Version 12.00
# Visual Studio 14
VisualStudioVersion = 14.0.25420.1
MinimumVisualStudioVersion = 10.0.40219.1
Project("{2150E333-8FDC-42A3-9474-1A3956D46DE8}") = "src", "src", "{34522769-AB49-458A-B436-B781461F17F5}"
EndProject
Project("{2150E333-8FDC-42A3-9474-1A3956D46DE8}") = "Solution Items", "Solution Items", "{158336C6-5768-4408-9E0C-9AF46C24EC2F}"
	ProjectSection(SolutionItems) = preProject
		global.json = global.json
	EndProjectSection
EndProject
Project("{8BB2217D-0F2D-49D1-97BC-3654ED321F3B}") = "DdhpCore.FrontEnd", "src\DdhpCore.FrontEnd\DdhpCore.FrontEnd.xproj", "{138C2BED-2731-4F12-8E95-C6A41222D099}"
EndProject
Project("{8BB2217D-0F2D-49D1-97BC-3654ED321F3B}") = "DdhpCore.Micros.Clubs", "src\DdhpCore.Micros.Clubs\DdhpCore.Micros.Clubs.xproj", "{30C21F92-30A1-425B-BDAE-943E75312F46}"
EndProject
Project("{8BB2217D-0F2D-49D1-97BC-3654ED321F3B}") = "DdhpCore.Micros.Runner", "src\DdhpCore.Micros.Runner\DdhpCore.Micros.Runner.xproj", "{16ECEB7E-F711-4CD7-B69B-4E09B6CFD9FD}"
EndProject
Project("{8BB2217D-0F2D-49D1-97BC-3654ED321F3B}") = "DdhpCore.Apps.LegacyDataImporter", "src\DdhpCore.Apps.LegacyDataImporter\DdhpCore.Apps.LegacyDataImporter.xproj", "{83E04679-D2C5-4040-83A2-1C98940422F4}"
EndProject
Global
	GlobalSection(SolutionConfigurationPlatforms) = preSolution
		Debug|Any CPU = Debug|Any CPU
		Release|Any CPU = Release|Any CPU
	EndGlobalSection
	GlobalSection(ProjectConfigurationPlatforms) = postSolution
		{138C2BED-2731-4F12-8E95-C6A41222D099}.Debug|Any CPU.ActiveCfg = Debug|Any CPU
		{138C2BED-2731-4F12-8E95-C6A41222D099}.Debug|Any CPU.Build.0 = Debug|Any CPU
		{138C2BED-2731-4F12-8E95-C6A41222D099}.Release|Any CPU.ActiveCfg = Release|Any CPU
		{138C2BED-2731-4F12-8E95-C6A41222D099}.Release|Any CPU.Build.0 = Release|Any CPU
		{30C21F92-30A1-425B-BDAE-943E75312F46}.Debug|Any CPU.ActiveCfg = Debug|Any CPU
		{30C21F92-30A1-425B-BDAE-943E75312F46}.Debug|Any CPU.Build.0 = Debug|Any CPU
		{30C21F92-30A1-425B-BDAE-943E75312F46}.Release|Any CPU.ActiveCfg = Release|Any CPU
		{30C21F92-30A1-425B-BDAE-943E75312F46}.Release|Any CPU.Build.0 = Release|Any CPU
		{16ECEB7E-F711-4CD7-B69B-4E09B6CFD9FD}.Debug|Any CPU.ActiveCfg = Debug|Any CPU
		{16ECEB7E-F711-4CD7-B69B-4E09B6CFD9FD}.Debug|Any CPU.Build.0 = Debug|Any CPU
		{16ECEB7E-F711-4CD7-B69B-4E09B6CFD9FD}.Release|Any CPU.ActiveCfg = Release|Any CPU
		{16ECEB7E-F711-4CD7-B69B-4E09B6CFD9FD}.Release|Any CPU.Build.0 = Release|Any CPU
		{83E04679-D2C5-4040-83A2-1C98940422F4}.Debug|Any CPU.ActiveCfg = Debug|Any CPU
		{83E04679-D2C5-4040-83A2-1C98940422F4}.Debug|Any CPU.Build.0 = Debug|Any CPU
		{83E04679-D2C5-4040-83A2-1C98940422F4}.Release|Any CPU.ActiveCfg = Release|Any CPU
		{83E04679-D2C5-4040-83A2-1C98940422F4}.Release|Any CPU.Build.0 = Release|Any CPU
	EndGlobalSection
	GlobalSection(SolutionProperties) = preSolution
		HideSolutionNode = FALSE
	EndGlobalSection
	GlobalSection(NestedProjects) = preSolution
		{138C2BED-2731-4F12-8E95-C6A41222D099} = {34522769-AB49-458A-B436-B781461F17F5}
		{30C21F92-30A1-425B-BDAE-943E75312F46} = {34522769-AB49-458A-B436-B781461F17F5}
		{16ECEB7E-F711-4CD7-B69B-4E09B6CFD9FD} = {34522769-AB49-458A-B436-B781461F17F5}
		{83E04679-D2C5-4040-83A2-1C98940422F4} = {34522769-AB49-458A-B436-B781461F17F5}
	EndGlobalSection
EndGlobal
